
Microsoft Visual Studio Solution File, Format Version 12.00
# Visual Studio Version 17
VisualStudioVersion = 17.1.32127.271
MinimumVisualStudioVersion = 10.0.40219.1
Project("{FAE04EC0-301F-11D3-BF4B-00C04F79EFBC}") = "DealDouble.Entities", "DealDouble.Entities\DealDouble.Entities.csproj", "{7AA9632C-3E93-47D4-8A68-D3328ACA4FE3}"
EndProject
Project("{FAE04EC0-301F-11D3-BF4B-00C04F79EFBC}") = "DealDouble.Data", "DealDouble.Data\DealDouble.Data.csproj", "{2D10215C-C85E-42B9-805B-D8EEA2F9FC32}"
EndProject
Project("{FAE04EC0-301F-11D3-BF4B-00C04F79EFBC}") = "DealDouble.Web", "DealDouble.Web\DealDouble.Web.csproj", "{21720D3E-AB00-4159-A01A-4E3321413111}"
EndProject
Project("{FAE04EC0-301F-11D3-BF4B-00C04F79EFBC}") = "DealDouble.Services", "DealDouble.Services\DealDouble.Services.csproj", "{8702C1E2-286C-40B3-A500-5EFA0F4FB7D6}"
EndProject
Global
	GlobalSection(SolutionConfigurationPlatforms) = preSolution
		Debug|Any CPU = Debug|Any CPU
		Release|Any CPU = Release|Any CPU
	EndGlobalSection
	GlobalSection(ProjectConfigurationPlatforms) = postSolution
		{7AA9632C-3E93-47D4-8A68-D3328ACA4FE3}.Debug|Any CPU.ActiveCfg = Debug|Any CPU
		{7AA9632C-3E93-47D4-8A68-D3328ACA4FE3}.Debug|Any CPU.Build.0 = Debug|Any CPU
		{7AA9632C-3E93-47D4-8A68-D3328ACA4FE3}.Release|Any CPU.ActiveCfg = Release|Any CPU
		{7AA9632C-3E93-47D4-8A68-D3328ACA4FE3}.Release|Any CPU.Build.0 = Release|Any CPU
		{2D10215C-C85E-42B9-805B-D8EEA2F9FC32}.Debug|Any CPU.ActiveCfg = Debug|Any CPU
		{2D10215C-C85E-42B9-805B-D8EEA2F9FC32}.Debug|Any CPU.Build.0 = Debug|Any CPU
		{2D10215C-C85E-42B9-805B-D8EEA2F9FC32}.Release|Any CPU.ActiveCfg = Release|Any CPU
		{2D10215C-C85E-42B9-805B-D8EEA2F9FC32}.Release|Any CPU.Build.0 = Release|Any CPU
		{21720D3E-AB00-4159-A01A-4E3321413111}.Debug|Any CPU.ActiveCfg = Debug|Any CPU
		{21720D3E-AB00-4159-A01A-4E3321413111}.Debug|Any CPU.Build.0 = Debug|Any CPU
		{21720D3E-AB00-4159-A01A-4E3321413111}.Release|Any CPU.ActiveCfg = Release|Any CPU
		{21720D3E-AB00-4159-A01A-4E3321413111}.Release|Any CPU.Build.0 = Release|Any CPU
		{8702C1E2-286C-40B3-A500-5EFA0F4FB7D6}.Debug|Any CPU.ActiveCfg = Debug|Any CPU
		{8702C1E2-286C-40B3-A500-5EFA0F4FB7D6}.Debug|Any CPU.Build.0 = Debug|Any CPU
		{8702C1E2-286C-40B3-A500-5EFA0F4FB7D6}.Release|Any CPU.ActiveCfg = Release|Any CPU
		{8702C1E2-286C-40B3-A500-5EFA0F4FB7D6}.Release|Any CPU.Build.0 = Release|Any CPU
	EndGlobalSection
	GlobalSection(SolutionProperties) = preSolution
		HideSolutionNode = FALSE
	EndGlobalSection
	GlobalSection(ExtensibilityGlobals) = postSolution
		SolutionGuid = {FA561786-C406-4189-9EE0-1E6079E84227}
	EndGlobalSection
EndGlobal
